
Microsoft Visual Studio Solution File, Format Version 12.00
# Visual Studio 15
VisualStudioVersion = 15.0.27004.2006
MinimumVisualStudioVersion = 10.0.40219.1
Project("{FAE04EC0-301F-11D3-BF4B-00C04F79EFBC}") = "22Apr18", "22Apr18\22Apr18.csproj", "{CFDA3187-9C67-4D96-A554-B73B74C4E8AB}"
EndProject
Global
	GlobalSection(SolutionConfigurationPlatforms) = preSolution
		Debug|Any CPU = Debug|Any CPU
		Release|Any CPU = Release|Any CPU
	EndGlobalSection
	GlobalSection(ProjectConfigurationPlatforms) = postSolution
		{CFDA3187-9C67-4D96-A554-B73B74C4E8AB}.Debug|Any CPU.ActiveCfg = Debug|Any CPU
		{CFDA3187-9C67-4D96-A554-B73B74C4E8AB}.Debug|Any CPU.Build.0 = Debug|Any CPU
		{CFDA3187-9C67-4D96-A554-B73B74C4E8AB}.Release|Any CPU.ActiveCfg = Release|Any CPU
		{CFDA3187-9C67-4D96-A554-B73B74C4E8AB}.Release|Any CPU.Build.0 = Release|Any CPU
	EndGlobalSection
	GlobalSection(SolutionProperties) = preSolution
		HideSolutionNode = FALSE
	EndGlobalSection
	GlobalSection(ExtensibilityGlobals) = postSolution
		SolutionGuid = {B4DC6AB5-8200-4B52-84F7-D994E19FD599}
	EndGlobalSection
EndGlobal
