
Microsoft Visual Studio Solution File, Format Version 12.00
# Visual Studio 15
VisualStudioVersion = 15.0.27004.2006
MinimumVisualStudioVersion = 10.0.40219.1
Project("{FAE04EC0-301F-11D3-BF4B-00C04F79EFBC}") = "21Apr18", "21Apr18\21Apr18.csproj", "{EBE98049-68F8-4010-A733-1EDE2FE1F155}"
EndProject
Global
	GlobalSection(SolutionConfigurationPlatforms) = preSolution
		Debug|Any CPU = Debug|Any CPU
		Release|Any CPU = Release|Any CPU
	EndGlobalSection
	GlobalSection(ProjectConfigurationPlatforms) = postSolution
		{EBE98049-68F8-4010-A733-1EDE2FE1F155}.Debug|Any CPU.ActiveCfg = Debug|Any CPU
		{EBE98049-68F8-4010-A733-1EDE2FE1F155}.Debug|Any CPU.Build.0 = Debug|Any CPU
		{EBE98049-68F8-4010-A733-1EDE2FE1F155}.Release|Any CPU.ActiveCfg = Release|Any CPU
		{EBE98049-68F8-4010-A733-1EDE2FE1F155}.Release|Any CPU.Build.0 = Release|Any CPU
	EndGlobalSection
	GlobalSection(SolutionProperties) = preSolution
		HideSolutionNode = FALSE
	EndGlobalSection
	GlobalSection(ExtensibilityGlobals) = postSolution
		SolutionGuid = {104A4981-03D6-4121-A655-93DD70D1DF48}
	EndGlobalSection
EndGlobal
