
Microsoft Visual Studio Solution File, Format Version 12.00
# Visual Studio 15
VisualStudioVersion = 15.0.27004.2006
MinimumVisualStudioVersion = 10.0.40219.1
Project("{FAE04EC0-301F-11D3-BF4B-00C04F79EFBC}") = "techStore", "techStore\techStore.csproj", "{90E088FD-6EFD-406D-BDAD-58B8CF336538}"
EndProject
Global
	GlobalSection(SolutionConfigurationPlatforms) = preSolution
		Debug|Any CPU = Debug|Any CPU
		Release|Any CPU = Release|Any CPU
	EndGlobalSection
	GlobalSection(ProjectConfigurationPlatforms) = postSolution
		{90E088FD-6EFD-406D-BDAD-58B8CF336538}.Debug|Any CPU.ActiveCfg = Debug|Any CPU
		{90E088FD-6EFD-406D-BDAD-58B8CF336538}.Debug|Any CPU.Build.0 = Debug|Any CPU
		{90E088FD-6EFD-406D-BDAD-58B8CF336538}.Release|Any CPU.ActiveCfg = Release|Any CPU
		{90E088FD-6EFD-406D-BDAD-58B8CF336538}.Release|Any CPU.Build.0 = Release|Any CPU
	EndGlobalSection
	GlobalSection(SolutionProperties) = preSolution
		HideSolutionNode = FALSE
	EndGlobalSection
	GlobalSection(ExtensibilityGlobals) = postSolution
		SolutionGuid = {B6007088-BA1F-49DA-BCBD-6309E6A571F1}
	EndGlobalSection
EndGlobal
